{
  "pins" : [
    {
      "identity" : "appgptlang",
      "kind" : "remoteSourceControl",
      "location" : "https://github.com/meister-surprise/appgptlang",
      "state" : {
        "branch" : "main",
        "revision" : "9974858f558b009d3081e6ea8604afe404c86b80"
      }
    }
  ],
  "version" : 2
}
